
Microsoft Visual Studio Solution File, Format Version 12.00
# Visual Studio Version 17
VisualStudioVersion = 17.3.32922.545
MinimumVisualStudioVersion = 10.0.40219.1
Project("{FAE04EC0-301F-11D3-BF4B-00C04F79EFBC}") = "ER_PriorityQueue_HancockB_Project", "ER_PriorityQueue_HancockB_Project\ER_PriorityQueue_HancockB_Project.csproj", "{DFAD037C-6C85-42D2-AA7A-937B2EC1C746}"
EndProject
Global
	GlobalSection(SolutionConfigurationPlatforms) = preSolution
		Debug|Any CPU = Debug|Any CPU
		Release|Any CPU = Release|Any CPU
	EndGlobalSection
	GlobalSection(ProjectConfigurationPlatforms) = postSolution
		{DFAD037C-6C85-42D2-AA7A-937B2EC1C746}.Debug|Any CPU.ActiveCfg = Debug|Any CPU
		{DFAD037C-6C85-42D2-AA7A-937B2EC1C746}.Debug|Any CPU.Build.0 = Debug|Any CPU
		{DFAD037C-6C85-42D2-AA7A-937B2EC1C746}.Release|Any CPU.ActiveCfg = Release|Any CPU
		{DFAD037C-6C85-42D2-AA7A-937B2EC1C746}.Release|Any CPU.Build.0 = Release|Any CPU
	EndGlobalSection
	GlobalSection(SolutionProperties) = preSolution
		HideSolutionNode = FALSE
	EndGlobalSection
	GlobalSection(ExtensibilityGlobals) = postSolution
		SolutionGuid = {DB8B2007-2F6E-4CBA-BCE3-A38B9F9CA7DF}
	EndGlobalSection
EndGlobal
